
Microsoft Visual Studio Solution File, Format Version 12.00
# Visual Studio Version 16
VisualStudioVersion = 16.0.30523.141
MinimumVisualStudioVersion = 10.0.40219.1
Project("{FAE04EC0-301F-11D3-BF4B-00C04F79EFBC}") = "ladoctora.index", "ladoctora.index\ladoctora.index.csproj", "{4355290C-2D30-45AE-9D3E-D672B9F1223B}"
EndProject
Global
	GlobalSection(SolutionConfigurationPlatforms) = preSolution
		Debug|Any CPU = Debug|Any CPU
		Release|Any CPU = Release|Any CPU
	EndGlobalSection
	GlobalSection(ProjectConfigurationPlatforms) = postSolution
		{4355290C-2D30-45AE-9D3E-D672B9F1223B}.Debug|Any CPU.ActiveCfg = Debug|Any CPU
		{4355290C-2D30-45AE-9D3E-D672B9F1223B}.Debug|Any CPU.Build.0 = Debug|Any CPU
		{4355290C-2D30-45AE-9D3E-D672B9F1223B}.Release|Any CPU.ActiveCfg = Release|Any CPU
		{4355290C-2D30-45AE-9D3E-D672B9F1223B}.Release|Any CPU.Build.0 = Release|Any CPU
	EndGlobalSection
	GlobalSection(SolutionProperties) = preSolution
		HideSolutionNode = FALSE
	EndGlobalSection
	GlobalSection(ExtensibilityGlobals) = postSolution
		SolutionGuid = {EE6D4DEE-93EF-40D3-BF4B-E0BA030D6F84}
	EndGlobalSection
EndGlobal
